
Microsoft Visual Studio Solution File, Format Version 12.00
# Visual Studio Version 17
VisualStudioVersion = 17.5.33516.290
MinimumVisualStudioVersion = 10.0.40219.1
Project("{FAE04EC0-301F-11D3-BF4B-00C04F79EFBC}") = "ExeFile", "ExeFile\ExeFile.csproj", "{07ED0A54-26D2-4D88-A6D4-993B2AAA6271}"
EndProject
Global
	GlobalSection(SolutionConfigurationPlatforms) = preSolution
		Debug|Any CPU = Debug|Any CPU
		Release|Any CPU = Release|Any CPU
	EndGlobalSection
	GlobalSection(ProjectConfigurationPlatforms) = postSolution
		{07ED0A54-26D2-4D88-A6D4-993B2AAA6271}.Debug|Any CPU.ActiveCfg = Debug|Any CPU
		{07ED0A54-26D2-4D88-A6D4-993B2AAA6271}.Debug|Any CPU.Build.0 = Debug|Any CPU
		{07ED0A54-26D2-4D88-A6D4-993B2AAA6271}.Release|Any CPU.ActiveCfg = Release|Any CPU
		{07ED0A54-26D2-4D88-A6D4-993B2AAA6271}.Release|Any CPU.Build.0 = Release|Any CPU
	EndGlobalSection
	GlobalSection(SolutionProperties) = preSolution
		HideSolutionNode = FALSE
	EndGlobalSection
	GlobalSection(ExtensibilityGlobals) = postSolution
		SolutionGuid = {D6490739-5F5E-40F3-B105-B62DFB9690AD}
	EndGlobalSection
EndGlobal
